
Microsoft Visual Studio Solution File, Format Version 12.00
# Visual Studio 14
VisualStudioVersion = 14.0.24720.0
MinimumVisualStudioVersion = 10.0.40219.1
Project("{FAE04EC0-301F-11D3-BF4B-00C04F79EFBC}") = "RetroRent", "RetroRent\RetroRent.csproj", "{6FDD85D4-DC28-4CE3-94A7-DCEDE9BBF8ED}"
EndProject
Project("{2150E333-8FDC-42A3-9474-1A3956D46DE8}") = "Solution Items", "Solution Items", "{725B71A3-0CAF-4D9F-884D-FE20BBAB1F56}"
EndProject
Global
	GlobalSection(SolutionConfigurationPlatforms) = preSolution
		Debug|Any CPU = Debug|Any CPU
		Release|Any CPU = Release|Any CPU
	EndGlobalSection
	GlobalSection(ProjectConfigurationPlatforms) = postSolution
		{6FDD85D4-DC28-4CE3-94A7-DCEDE9BBF8ED}.Debug|Any CPU.ActiveCfg = Debug|Any CPU
		{6FDD85D4-DC28-4CE3-94A7-DCEDE9BBF8ED}.Debug|Any CPU.Build.0 = Debug|Any CPU
		{6FDD85D4-DC28-4CE3-94A7-DCEDE9BBF8ED}.Release|Any CPU.ActiveCfg = Release|Any CPU
		{6FDD85D4-DC28-4CE3-94A7-DCEDE9BBF8ED}.Release|Any CPU.Build.0 = Release|Any CPU
	EndGlobalSection
	GlobalSection(SolutionProperties) = preSolution
		HideSolutionNode = FALSE
	EndGlobalSection
EndGlobal
